
Microsoft Visual Studio Solution File, Format Version 10.00
# Visual Studio 2008
Project("{FAE04EC0-301F-11D3-BF4B-00C04F79EFBC}") = "ASN1Editor", "ASN1Editor\ASN1Editor.csproj", "{A7710454-87EC-444A-B037-85C25A5D3337}"
EndProject
Project("{FAE04EC0-301F-11D3-BF4B-00C04F79EFBC}") = "CVMDLL", "..\CVMDLLv2\CVMDLL.csproj", "{E89835F9-E761-4F45-9234-2F9139AAF138}"
EndProject
Global
	GlobalSection(SolutionConfigurationPlatforms) = preSolution
		Debug|Any CPU = Debug|Any CPU
		Release|Any CPU = Release|Any CPU
	EndGlobalSection
	GlobalSection(ProjectConfigurationPlatforms) = postSolution
		{A7710454-87EC-444A-B037-85C25A5D3337}.Debug|Any CPU.ActiveCfg = Debug|Any CPU
		{A7710454-87EC-444A-B037-85C25A5D3337}.Debug|Any CPU.Build.0 = Debug|Any CPU
		{A7710454-87EC-444A-B037-85C25A5D3337}.Release|Any CPU.ActiveCfg = Release|Any CPU
		{A7710454-87EC-444A-B037-85C25A5D3337}.Release|Any CPU.Build.0 = Release|Any CPU
		{E89835F9-E761-4F45-9234-2F9139AAF138}.Debug|Any CPU.ActiveCfg = Debug|Any CPU
		{E89835F9-E761-4F45-9234-2F9139AAF138}.Debug|Any CPU.Build.0 = Debug|Any CPU
		{E89835F9-E761-4F45-9234-2F9139AAF138}.Release|Any CPU.ActiveCfg = Release|Any CPU
		{E89835F9-E761-4F45-9234-2F9139AAF138}.Release|Any CPU.Build.0 = Release|Any CPU
	EndGlobalSection
	GlobalSection(SolutionProperties) = preSolution
		HideSolutionNode = FALSE
	EndGlobalSection
EndGlobal
